
Microsoft Visual Studio Solution File, Format Version 11.00
# Visual Studio 2010
Project("{8BC9CEB8-8B4A-11D0-8D11-00A0C91BC942}") = "Slice", "Slice\Slice.vcxproj", "{B0B96231-B7F9-4F81-B4D8-1A892A9A678D}"
EndProject
Global
	GlobalSection(TeamFoundationVersionControl) = preSolution
		SccNumberOfProjects = 2
		SccEnterpriseProvider = {4CA58AB2-18FA-4F8D-95D4-32DDF27D184C}
		SccTeamFoundationServer = https://tfs.codeplex.com/tfs/tfs05
		SccLocalPath0 = .
		SccProjectUniqueName1 = Slice\\Slice.vcxproj
		SccProjectName1 = Slice
		SccLocalPath1 = Slice
	EndGlobalSection
	GlobalSection(SolutionConfigurationPlatforms) = preSolution
		Debug|Win32 = Debug|Win32
		Release|Win32 = Release|Win32
	EndGlobalSection
	GlobalSection(ProjectConfigurationPlatforms) = postSolution
		{B0B96231-B7F9-4F81-B4D8-1A892A9A678D}.Debug|Win32.ActiveCfg = Debug|Win32
		{B0B96231-B7F9-4F81-B4D8-1A892A9A678D}.Debug|Win32.Build.0 = Debug|Win32
		{B0B96231-B7F9-4F81-B4D8-1A892A9A678D}.Release|Win32.ActiveCfg = Release|Win32
		{B0B96231-B7F9-4F81-B4D8-1A892A9A678D}.Release|Win32.Build.0 = Release|Win32
	EndGlobalSection
	GlobalSection(SolutionProperties) = preSolution
		HideSolutionNode = FALSE
	EndGlobalSection
EndGlobal
